
Microsoft Visual Studio Solution File, Format Version 12.00
# Visual Studio Version 17
VisualStudioVersion = 17.11.35303.130
MinimumVisualStudioVersion = 10.0.40219.1
Project("{9A19103F-16F7-4668-BE54-9A1E7A4F7556}") = "TicketClassLibrary", "TicketClassLibrary\TicketClassLibrary.csproj", "{5D4543C1-8A23-4A88-824D-35285F537A58}"
EndProject
Project("{FAE04EC0-301F-11D3-BF4B-00C04F79EFBC}") = "TicketClassLibraryTests", "TicketClassLibraryTests\TicketClassLibraryTests.csproj", "{82273072-3A4F-44FB-B704-E763F00C0BA4}"
EndProject
Project("{FAE04EC0-301F-11D3-BF4B-00C04F79EFBC}") = "StoreBaeltTicketLibrary", "StoreBaeltTicketLibrary\StoreBaeltTicketLibrary.csproj", "{2667C0FA-E7FC-477A-8B06-B6B0DBF5323C}"
EndProject
Project("{FAE04EC0-301F-11D3-BF4B-00C04F79EFBC}") = "StoreBaeltTicketLibraryTests1", "StoreBaeltTicketLibraryTests1\StoreBaeltTicketLibraryTests1.csproj", "{48F404B4-8063-4758-B3F6-18A9D224618D}"
EndProject
Global
	GlobalSection(SolutionConfigurationPlatforms) = preSolution
		Debug|Any CPU = Debug|Any CPU
		Release|Any CPU = Release|Any CPU
	EndGlobalSection
	GlobalSection(ProjectConfigurationPlatforms) = postSolution
		{5D4543C1-8A23-4A88-824D-35285F537A58}.Debug|Any CPU.ActiveCfg = Debug|Any CPU
		{5D4543C1-8A23-4A88-824D-35285F537A58}.Debug|Any CPU.Build.0 = Debug|Any CPU
		{5D4543C1-8A23-4A88-824D-35285F537A58}.Release|Any CPU.ActiveCfg = Release|Any CPU
		{5D4543C1-8A23-4A88-824D-35285F537A58}.Release|Any CPU.Build.0 = Release|Any CPU
		{82273072-3A4F-44FB-B704-E763F00C0BA4}.Debug|Any CPU.ActiveCfg = Debug|Any CPU
		{82273072-3A4F-44FB-B704-E763F00C0BA4}.Debug|Any CPU.Build.0 = Debug|Any CPU
		{82273072-3A4F-44FB-B704-E763F00C0BA4}.Release|Any CPU.ActiveCfg = Release|Any CPU
		{82273072-3A4F-44FB-B704-E763F00C0BA4}.Release|Any CPU.Build.0 = Release|Any CPU
		{2667C0FA-E7FC-477A-8B06-B6B0DBF5323C}.Debug|Any CPU.ActiveCfg = Debug|Any CPU
		{2667C0FA-E7FC-477A-8B06-B6B0DBF5323C}.Debug|Any CPU.Build.0 = Debug|Any CPU
		{2667C0FA-E7FC-477A-8B06-B6B0DBF5323C}.Release|Any CPU.ActiveCfg = Release|Any CPU
		{2667C0FA-E7FC-477A-8B06-B6B0DBF5323C}.Release|Any CPU.Build.0 = Release|Any CPU
		{48F404B4-8063-4758-B3F6-18A9D224618D}.Debug|Any CPU.ActiveCfg = Debug|Any CPU
		{48F404B4-8063-4758-B3F6-18A9D224618D}.Debug|Any CPU.Build.0 = Debug|Any CPU
		{48F404B4-8063-4758-B3F6-18A9D224618D}.Release|Any CPU.ActiveCfg = Release|Any CPU
		{48F404B4-8063-4758-B3F6-18A9D224618D}.Release|Any CPU.Build.0 = Release|Any CPU
	EndGlobalSection
	GlobalSection(SolutionProperties) = preSolution
		HideSolutionNode = FALSE
	EndGlobalSection
	GlobalSection(ExtensibilityGlobals) = postSolution
		SolutionGuid = {1023E039-6FCB-45B4-BE49-A17BC96CB793}
	EndGlobalSection
EndGlobal
